
Microsoft Visual Studio Solution File, Format Version 12.00
# Visual Studio Version 17
VisualStudioVersion = 17.14.36203.30 d17.14
MinimumVisualStudioVersion = 10.0.40219.1
Project("{FAE04EC0-301F-11D3-BF4B-00C04F79EFBC}") = "BinderProject", "BinderProject.csproj", "{7C4AE6A3-196E-40C4-9FF0-EAC1CD68CBFD}"
EndProject
Global
	GlobalSection(SolutionConfigurationPlatforms) = preSolution
		Debug|Any CPU = Debug|Any CPU
		Release|Any CPU = Release|Any CPU
	EndGlobalSection
	GlobalSection(ProjectConfigurationPlatforms) = postSolution
		{7C4AE6A3-196E-40C4-9FF0-EAC1CD68CBFD}.Debug|Any CPU.ActiveCfg = Debug|Any CPU
		{7C4AE6A3-196E-40C4-9FF0-EAC1CD68CBFD}.Debug|Any CPU.Build.0 = Debug|Any CPU
		{7C4AE6A3-196E-40C4-9FF0-EAC1CD68CBFD}.Release|Any CPU.ActiveCfg = Release|Any CPU
		{7C4AE6A3-196E-40C4-9FF0-EAC1CD68CBFD}.Release|Any CPU.Build.0 = Release|Any CPU
	EndGlobalSection
	GlobalSection(SolutionProperties) = preSolution
		HideSolutionNode = FALSE
	EndGlobalSection
	GlobalSection(ExtensibilityGlobals) = postSolution
		SolutionGuid = {7AF01AE4-1122-49F9-9CFA-2FE5C893C024}
	EndGlobalSection
EndGlobal
